
Microsoft Visual Studio Solution File, Format Version 12.00
# Visual Studio Version 17
VisualStudioVersion = 17.12.35527.113
MinimumVisualStudioVersion = 10.0.40219.1
Project("{FAE04EC0-301F-11D3-BF4B-00C04F79EFBC}") = "TasksBackEnd", "TasksBackEnd\TasksBackEnd.csproj", "{B55D4A8C-D324-4250-8E8B-DC757F01EFB2}"
EndProject
Project("{FAE04EC0-301F-11D3-BF4B-00C04F79EFBC}") = "Data", "3.Data\Data\Data.csproj", "{FFAE9513-4067-4B55-AAA7-99B27AC24A93}"
EndProject
Project("{FAE04EC0-301F-11D3-BF4B-00C04F79EFBC}") = "Common", "2.Common\Common\Common.csproj", "{D7484950-2474-40FD-BE21-3C0CFF2B7027}"
EndProject
Project("{FAE04EC0-301F-11D3-BF4B-00C04F79EFBC}") = "Domain", "4.Domain\Domain\Domain.csproj", "{8CF975D3-22D8-4394-A3C8-5A451106D304}"
EndProject
Project("{FAE04EC0-301F-11D3-BF4B-00C04F79EFBC}") = "Services", "6.Services\Services\Services.csproj", "{33B73657-E326-41BD-B118-D17E1D1C7FEA}"
EndProject
Project("{FAE04EC0-301F-11D3-BF4B-00C04F79EFBC}") = "Dtos", "5.Dtos\Dtos\Dtos.csproj", "{604DD931-AC1D-4F53-8B82-07B0E73097D6}"
EndProject
Project("{2150E333-8FDC-42A3-9474-1A3956D46DE8}") = "1.Test", "1.Test", "{78E20E1B-91CC-4FB4-A756-102C9D87C66E}"
EndProject
Project("{2150E333-8FDC-42A3-9474-1A3956D46DE8}") = "2.Common", "2.Common", "{114B2533-F7F6-4C50-8284-F6213F4F24E6}"
EndProject
Project("{2150E333-8FDC-42A3-9474-1A3956D46DE8}") = "3.Data", "3.Data", "{55D6AA0E-5D92-45FC-A652-0239367C6D7D}"
EndProject
Project("{2150E333-8FDC-42A3-9474-1A3956D46DE8}") = "4.Domain", "4.Domain", "{683AB9E5-0852-460E-8DFB-889B2B040007}"
EndProject
Project("{2150E333-8FDC-42A3-9474-1A3956D46DE8}") = "5.Dtos", "5.Dtos", "{6B932A1C-AAB9-4D89-BCD8-5483AE9EE8D8}"
EndProject
Project("{2150E333-8FDC-42A3-9474-1A3956D46DE8}") = "6.Services", "6.Services", "{860E510B-9FA9-46DB-97BA-6A8FC343F10D}"
EndProject
Global
	GlobalSection(SolutionConfigurationPlatforms) = preSolution
		Debug|Any CPU = Debug|Any CPU
		Release|Any CPU = Release|Any CPU
	EndGlobalSection
	GlobalSection(ProjectConfigurationPlatforms) = postSolution
		{B55D4A8C-D324-4250-8E8B-DC757F01EFB2}.Debug|Any CPU.ActiveCfg = Debug|Any CPU
		{B55D4A8C-D324-4250-8E8B-DC757F01EFB2}.Debug|Any CPU.Build.0 = Debug|Any CPU
		{B55D4A8C-D324-4250-8E8B-DC757F01EFB2}.Release|Any CPU.ActiveCfg = Release|Any CPU
		{B55D4A8C-D324-4250-8E8B-DC757F01EFB2}.Release|Any CPU.Build.0 = Release|Any CPU
		{FFAE9513-4067-4B55-AAA7-99B27AC24A93}.Debug|Any CPU.ActiveCfg = Debug|Any CPU
		{FFAE9513-4067-4B55-AAA7-99B27AC24A93}.Debug|Any CPU.Build.0 = Debug|Any CPU
		{FFAE9513-4067-4B55-AAA7-99B27AC24A93}.Release|Any CPU.ActiveCfg = Release|Any CPU
		{FFAE9513-4067-4B55-AAA7-99B27AC24A93}.Release|Any CPU.Build.0 = Release|Any CPU
		{D7484950-2474-40FD-BE21-3C0CFF2B7027}.Debug|Any CPU.ActiveCfg = Debug|Any CPU
		{D7484950-2474-40FD-BE21-3C0CFF2B7027}.Debug|Any CPU.Build.0 = Debug|Any CPU
		{D7484950-2474-40FD-BE21-3C0CFF2B7027}.Release|Any CPU.ActiveCfg = Release|Any CPU
		{D7484950-2474-40FD-BE21-3C0CFF2B7027}.Release|Any CPU.Build.0 = Release|Any CPU
		{8CF975D3-22D8-4394-A3C8-5A451106D304}.Debug|Any CPU.ActiveCfg = Debug|Any CPU
		{8CF975D3-22D8-4394-A3C8-5A451106D304}.Debug|Any CPU.Build.0 = Debug|Any CPU
		{8CF975D3-22D8-4394-A3C8-5A451106D304}.Release|Any CPU.ActiveCfg = Release|Any CPU
		{8CF975D3-22D8-4394-A3C8-5A451106D304}.Release|Any CPU.Build.0 = Release|Any CPU
		{33B73657-E326-41BD-B118-D17E1D1C7FEA}.Debug|Any CPU.ActiveCfg = Debug|Any CPU
		{33B73657-E326-41BD-B118-D17E1D1C7FEA}.Debug|Any CPU.Build.0 = Debug|Any CPU
		{33B73657-E326-41BD-B118-D17E1D1C7FEA}.Release|Any CPU.ActiveCfg = Release|Any CPU
		{33B73657-E326-41BD-B118-D17E1D1C7FEA}.Release|Any CPU.Build.0 = Release|Any CPU
		{604DD931-AC1D-4F53-8B82-07B0E73097D6}.Debug|Any CPU.ActiveCfg = Debug|Any CPU
		{604DD931-AC1D-4F53-8B82-07B0E73097D6}.Debug|Any CPU.Build.0 = Debug|Any CPU
		{604DD931-AC1D-4F53-8B82-07B0E73097D6}.Release|Any CPU.ActiveCfg = Release|Any CPU
		{604DD931-AC1D-4F53-8B82-07B0E73097D6}.Release|Any CPU.Build.0 = Release|Any CPU
	EndGlobalSection
	GlobalSection(SolutionProperties) = preSolution
		HideSolutionNode = FALSE
	EndGlobalSection
	GlobalSection(NestedProjects) = preSolution
		{FFAE9513-4067-4B55-AAA7-99B27AC24A93} = {55D6AA0E-5D92-45FC-A652-0239367C6D7D}
		{D7484950-2474-40FD-BE21-3C0CFF2B7027} = {114B2533-F7F6-4C50-8284-F6213F4F24E6}
		{8CF975D3-22D8-4394-A3C8-5A451106D304} = {683AB9E5-0852-460E-8DFB-889B2B040007}
		{33B73657-E326-41BD-B118-D17E1D1C7FEA} = {860E510B-9FA9-46DB-97BA-6A8FC343F10D}
		{604DD931-AC1D-4F53-8B82-07B0E73097D6} = {6B932A1C-AAB9-4D89-BCD8-5483AE9EE8D8}
	EndGlobalSection
EndGlobal
